
Microsoft Visual Studio Solution File, Format Version 12.00
# Visual Studio 2012
Project("{FAE04EC0-301F-11D3-BF4B-00C04F79EFBC}") = "LinkedList", "LinkedList\LinkedList.csproj", "{DFF84541-1AE1-4133-B448-02C452FC1E6C}"
EndProject
Global
	GlobalSection(SolutionConfigurationPlatforms) = preSolution
		Debug|Any CPU = Debug|Any CPU
		Release|Any CPU = Release|Any CPU
	EndGlobalSection
	GlobalSection(ProjectConfigurationPlatforms) = postSolution
		{DFF84541-1AE1-4133-B448-02C452FC1E6C}.Debug|Any CPU.ActiveCfg = Debug|Any CPU
		{DFF84541-1AE1-4133-B448-02C452FC1E6C}.Debug|Any CPU.Build.0 = Debug|Any CPU
		{DFF84541-1AE1-4133-B448-02C452FC1E6C}.Release|Any CPU.ActiveCfg = Release|Any CPU
		{DFF84541-1AE1-4133-B448-02C452FC1E6C}.Release|Any CPU.Build.0 = Release|Any CPU
	EndGlobalSection
	GlobalSection(SolutionProperties) = preSolution
		HideSolutionNode = FALSE
	EndGlobalSection
EndGlobal
